
Microsoft Visual Studio Solution File, Format Version 12.00
# Visual Studio Version 17
VisualStudioVersion = 17.1.32210.238
MinimumVisualStudioVersion = 10.0.40219.1
Project("{FAE04EC0-301F-11D3-BF4B-00C04F79EFBC}") = "MyFirstAzureWebApp", "MyFirstAzureWebApp\MyFirstAzureWebApp.csproj", "{4BCA44B7-80E5-4220-B70E-A7D2DE947DE2}"
EndProject
Global
	GlobalSection(SolutionConfigurationPlatforms) = preSolution
		Debug|Any CPU = Debug|Any CPU
		Release|Any CPU = Release|Any CPU
	EndGlobalSection
	GlobalSection(ProjectConfigurationPlatforms) = postSolution
		{4BCA44B7-80E5-4220-B70E-A7D2DE947DE2}.Debug|Any CPU.ActiveCfg = Debug|Any CPU
		{4BCA44B7-80E5-4220-B70E-A7D2DE947DE2}.Debug|Any CPU.Build.0 = Debug|Any CPU
		{4BCA44B7-80E5-4220-B70E-A7D2DE947DE2}.Release|Any CPU.ActiveCfg = Release|Any CPU
		{4BCA44B7-80E5-4220-B70E-A7D2DE947DE2}.Release|Any CPU.Build.0 = Release|Any CPU
	EndGlobalSection
	GlobalSection(SolutionProperties) = preSolution
		HideSolutionNode = FALSE
	EndGlobalSection
	GlobalSection(ExtensibilityGlobals) = postSolution
		SolutionGuid = {7587E6CD-39EF-4B3C-85E6-FC6C5482096A}
	EndGlobalSection
EndGlobal
